// !$*UTF8*$!
{
	archiveVersion = 1;
	classes = {
	};
	objectVersion = 46;
	objects = {

/* Begin PBXBuildFile section */
		324075B61CACCE5D00BAF253 /* newsdynamic_btn.png in Resources */ = {isa = PBXBuildFile; fileRef = 324075B01CACCE5D00BAF253 /* newsdynamic_btn.png */; };
		324075B71CACCE5D00BAF253 /* pensionCommon_btn.png in Resources */ = {isa = PBXBuildFile; fileRef = 324075B11CACCE5D00BAF253 /* pensionCommon_btn.png */; };
		324075BA1CACCE5D00BAF253 /* pensionFind_btn.png in Resources */ = {isa = PBXBuildFile; fileRef = 324075B41CACCE5D00BAF253 /* pensionFind_btn.png */; };
		324075BB1CACCE5D00BAF253 /* regimenFind_btn.png in Resources */ = {isa = PBXBuildFile; fileRef = 324075B51CACCE5D00BAF253 /* regimenFind_btn.png */; };
		324075BD1CACE3F900BAF253 /* regimenstrategy_btn.png in Resources */ = {isa = PBXBuildFile; fileRef = 324075BC1CACE3F900BAF253 /* regimenstrategy_btn.png */; };
		324075BF1CACE48F00BAF253 /* healthassess_btn.png in Resources */ = {isa = PBXBuildFile; fileRef = 324075BE1CACE48F00BAF253 /* healthassess_btn.png */; };
		324075C11CACEC5F00BAF253 /* p_01.png in Resources */ = {isa = PBXBuildFile; fileRef = 324075C01CACEC5F00BAF253 /* p_01.png */; };
		324075C41CACEC6800BAF253 /* p_03.png in Resources */ = {isa = PBXBuildFile; fileRef = 324075C21CACEC6800BAF253 /* p_03.png */; };
		324075C51CACEC6800BAF253 /* p_02.png in Resources */ = {isa = PBXBuildFile; fileRef = 324075C31CACEC6800BAF253 /* p_02.png */; };
		324075C81CAD071300BAF253 /* SearchResultTVController.m in Sources */ = {isa = PBXBuildFile; fileRef = 324075C71CAD071300BAF253 /* SearchResultTVController.m */; };
		324075CC1CAD213600BAF253 /* PensionSRTVCell.m in Sources */ = {isa = PBXBuildFile; fileRef = 324075CA1CAD213600BAF253 /* PensionSRTVCell.m */; };
		324075CD1CAD213600BAF253 /* PensionSRTVCell.xib in Resources */ = {isa = PBXBuildFile; fileRef = 324075CB1CAD213600BAF253 /* PensionSRTVCell.xib */; };
		324075D11CAD218800BAF253 /* RegimenRTVCell.m in Sources */ = {isa = PBXBuildFile; fileRef = 324075CF1CAD218800BAF253 /* RegimenRTVCell.m */; };
		324075D21CAD218800BAF253 /* RegimenRTVCell.xib in Resources */ = {isa = PBXBuildFile; fileRef = 324075D01CAD218800BAF253 /* RegimenRTVCell.xib */; };
		324075D41CAD2D9300BAF253 /* pension.png in Resources */ = {isa = PBXBuildFile; fileRef = 324075D31CAD2D9300BAF253 /* pension.png */; };
		324075D61CAD2DB200BAF253 /* regimen.png in Resources */ = {isa = PBXBuildFile; fileRef = 324075D51CAD2DB200BAF253 /* regimen.png */; };
		324CD4A71CAE172000276B57 /* ResultDetailTVController.m in Sources */ = {isa = PBXBuildFile; fileRef = 324CD4A61CAE172000276B57 /* ResultDetailTVController.m */; };
		324CD4AA1CAE1E9700276B57 /* regimen_organ.png in Resources */ = {isa = PBXBuildFile; fileRef = 324CD4A81CAE1E9700276B57 /* regimen_organ.png */; };
		324CD4AB1CAE1E9700276B57 /* pension_organ.png in Resources */ = {isa = PBXBuildFile; fileRef = 324CD4A91CAE1E9700276B57 /* pension_organ.png */; };
		324CD4B01CAE630700276B57 /* LivingTimeTVCell.m in Sources */ = {isa = PBXBuildFile; fileRef = 324CD4AE1CAE630700276B57 /* LivingTimeTVCell.m */; };
		324CD4B11CAE630700276B57 /* LivingTimeTVCell.xib in Resources */ = {isa = PBXBuildFile; fileRef = 324CD4AF1CAE630700276B57 /* LivingTimeTVCell.xib */; };
		324CD4B51CAE65A600276B57 /* ManageTimeTVCell.m in Sources */ = {isa = PBXBuildFile; fileRef = 324CD4B31CAE65A600276B57 /* ManageTimeTVCell.m */; };
		324CD4B61CAE65A600276B57 /* ManageTimeTVCell.xib in Resources */ = {isa = PBXBuildFile; fileRef = 324CD4B41CAE65A600276B57 /* ManageTimeTVCell.xib */; };
		324CD4BA1CAE70F000276B57 /* HomeTVCell.m in Sources */ = {isa = PBXBuildFile; fileRef = 324CD4B81CAE70F000276B57 /* HomeTVCell.m */; };
		324CD4BB1CAE70F000276B57 /* HomeTVCell.xib in Resources */ = {isa = PBXBuildFile; fileRef = 324CD4B91CAE70F000276B57 /* HomeTVCell.xib */; };
		324CD4BD1CAE783800276B57 /* home_pic.png in Resources */ = {isa = PBXBuildFile; fileRef = 324CD4BC1CAE783800276B57 /* home_pic.png */; };
		3278CCDF1CAF8E9800038B9D /* TestModel.m in Sources */ = {isa = PBXBuildFile; fileRef = 3278CCDE1CAF8E9800038B9D /* TestModel.m */; };
		3278CCE31CAFBB4500038B9D /* CommentTVCell.m in Sources */ = {isa = PBXBuildFile; fileRef = 3278CCE11CAFBB4500038B9D /* CommentTVCell.m */; };
		3278CCE41CAFBB4500038B9D /* CommentTVCell.xib in Resources */ = {isa = PBXBuildFile; fileRef = 3278CCE21CAFBB4500038B9D /* CommentTVCell.xib */; };
		3278CCE61CAFC17400038B9D /* shareCompany.png in Resources */ = {isa = PBXBuildFile; fileRef = 3278CCE51CAFC17400038B9D /* shareCompany.png */; };
		3278CCE91CAFDDC100038B9D /* SelectTVCell.m in Sources */ = {isa = PBXBuildFile; fileRef = 3278CCE81CAFDDC100038B9D /* SelectTVCell.m */; };
		3292A74F1CA3D14E004FEB57 /* CDCityPicker.m in Sources */ = {isa = PBXBuildFile; fileRef = 3292A74E1CA3D14E004FEB57 /* CDCityPicker.m */; };
		3292A7511CA3DCA4004FEB57 /* districtMGE.plist in Resources */ = {isa = PBXBuildFile; fileRef = 3292A7501CA3DCA4004FEB57 /* districtMGE.plist */; };
		32CABD641CA373AA0068AE93 /* CityCollectionViewCell.m in Sources */ = {isa = PBXBuildFile; fileRef = 32CABD571CA373AA0068AE93 /* CityCollectionViewCell.m */; };
		32CABD651CA373AA0068AE93 /* CitySkipViewCell.m in Sources */ = {isa = PBXBuildFile; fileRef = 32CABD591CA373AA0068AE93 /* CitySkipViewCell.m */; };
		32CABD661CA373AA0068AE93 /* SearchVController.m in Sources */ = {isa = PBXBuildFile; fileRef = 32CABD5C1CA373AA0068AE93 /* SearchVController.m */; };
		32CABD671CA373AA0068AE93 /* SearchVController.xib in Resources */ = {isa = PBXBuildFile; fileRef = 32CABD5D1CA373AA0068AE93 /* SearchVController.xib */; };
		32CABD681CA373AA0068AE93 /* HomeViewController.m in Sources */ = {isa = PBXBuildFile; fileRef = 32CABD5F1CA373AA0068AE93 /* HomeViewController.m */; };
		32CABD691CA373AA0068AE93 /* SeasonCTViewCell.m in Sources */ = {isa = PBXBuildFile; fileRef = 32CABD611CA373AA0068AE93 /* SeasonCTViewCell.m */; };
		32CABD6A1CA373AA0068AE93 /* SeasonMCollectViewCell.m in Sources */ = {isa = PBXBuildFile; fileRef = 32CABD631CA373AA0068AE93 /* SeasonMCollectViewCell.m */; };
		32CABD701CA373CC0068AE93 /* GDScrollBanner.m in Sources */ = {isa = PBXBuildFile; fileRef = 32CABD6D1CA373CC0068AE93 /* GDScrollBanner.m */; };
		32CABD761CA373DD0068AE93 /* banner.png in Resources */ = {isa = PBXBuildFile; fileRef = 32CABD731CA373DD0068AE93 /* banner.png */; };
		32CABD771CA373DD0068AE93 /* z_02.png in Resources */ = {isa = PBXBuildFile; fileRef = 32CABD741CA373DD0068AE93 /* z_02.png */; };
		32CABD781CA373DD0068AE93 /* z_03.png in Resources */ = {isa = PBXBuildFile; fileRef = 32CABD751CA373DD0068AE93 /* z_03.png */; };
		32CABD7E1CA373EF0068AE93 /* DDTestApi.m in Sources */ = {isa = PBXBuildFile; fileRef = 32CABD7B1CA373EF0068AE93 /* DDTestApi.m */; };
		32CABD7F1CA373EF0068AE93 /* DDTestApiS.m in Sources */ = {isa = PBXBuildFile; fileRef = 32CABD7D1CA373EF0068AE93 /* DDTestApiS.m */; };
		32CABD8D1CA374020068AE93 /* CustomerViewController.m in Sources */ = {isa = PBXBuildFile; fileRef = 32CABD821CA374020068AE93 /* CustomerViewController.m */; };
		32CABD8E1CA374020068AE93 /* MineViewController.m in Sources */ = {isa = PBXBuildFile; fileRef = 32CABD851CA374020068AE93 /* MineViewController.m */; };
		32CABD901CA374020068AE93 /* TempView.m in Sources */ = {isa = PBXBuildFile; fileRef = 32CABD891CA374020068AE93 /* TempView.m */; };
		32CABD911CA374020068AE93 /* ThingsView.m in Sources */ = {isa = PBXBuildFile; fileRef = 32CABD8B1CA374020068AE93 /* ThingsView.m */; };
		32CABD941CA384F50068AE93 /* SearchTVController.m in Sources */ = {isa = PBXBuildFile; fileRef = 32CABD931CA384F50068AE93 /* SearchTVController.m */; };
		32CABD971CA39E2E0068AE93 /* CDDatePicker.m in Sources */ = {isa = PBXBuildFile; fileRef = 32CABD961CA39E2E0068AE93 /* CDDatePicker.m */; };
		32DD1DCC1CA5082B00E1C229 /* SetTVCell.m in Sources */ = {isa = PBXBuildFile; fileRef = 32DD1DCA1CA5082B00E1C229 /* SetTVCell.m */; };
		32DD1DCD1CA5082B00E1C229 /* SetTVCell.xib in Resources */ = {isa = PBXBuildFile; fileRef = 32DD1DCB1CA5082B00E1C229 /* SetTVCell.xib */; };
		32DDD31C1CA1406A00EFACF9 /* libPods.a in Frameworks */ = {isa = PBXBuildFile; fileRef = 32DDD31B1CA1406A00EFACF9 /* libPods.a */; };
		32DDD3611CA147BE00EFACF9 /* CoreLocation.framework in Frameworks */ = {isa = PBXBuildFile; fileRef = 32DDD3601CA147BE00EFACF9 /* CoreLocation.framework */; };
		32DDD3631CA147CD00EFACF9 /* QuartzCore.framework in Frameworks */ = {isa = PBXBuildFile; fileRef = 32DDD3621CA147CD00EFACF9 /* QuartzCore.framework */; };
		32DDD3651CA147DA00EFACF9 /* OpenGLES.framework in Frameworks */ = {isa = PBXBuildFile; fileRef = 32DDD3641CA147DA00EFACF9 /* OpenGLES.framework */; };
		32DDD3671CA147ED00EFACF9 /* SystemConfiguration.framework in Frameworks */ = {isa = PBXBuildFile; fileRef = 32DDD3661CA147ED00EFACF9 /* SystemConfiguration.framework */; };
		32DDD3691CA147FB00EFACF9 /* CoreGraphics.framework in Frameworks */ = {isa = PBXBuildFile; fileRef = 32DDD3681CA147FB00EFACF9 /* CoreGraphics.framework */; };
		32DDD36B1CA1480900EFACF9 /* Security.framework in Frameworks */ = {isa = PBXBuildFile; fileRef = 32DDD36A1CA1480900EFACF9 /* Security.framework */; };
		32F6CD051C9A734C00E97B65 /* main.m in Sources */ = {isa = PBXBuildFile; fileRef = 32F6CD041C9A734C00E97B65 /* main.m */; };
		32F6CD081C9A734C00E97B65 /* AppDelegate.m in Sources */ = {isa = PBXBuildFile; fileRef = 32F6CD071C9A734C00E97B65 /* AppDelegate.m */; };
		32F6CD0E1C9A734C00E97B65 /* Main.storyboard in Resources */ = {isa = PBXBuildFile; fileRef = 32F6CD0C1C9A734C00E97B65 /* Main.storyboard */; };
		32F6CD101C9A734C00E97B65 /* Assets.xcassets in Resources */ = {isa = PBXBuildFile; fileRef = 32F6CD0F1C9A734C00E97B65 /* Assets.xcassets */; };
		32F6CD131C9A734C00E97B65 /* LaunchScreen.storyboard in Resources */ = {isa = PBXBuildFile; fileRef = 32F6CD111C9A734C00E97B65 /* LaunchScreen.storyboard */; };
		32F6CD2F1C9ABDF200E97B65 /* TabbarController.m in Sources */ = {isa = PBXBuildFile; fileRef = 32F6CD2E1C9ABDF200E97B65 /* TabbarController.m */; };
		32FA73361CAB7E4F00379855 /* PersonDataVController.m in Sources */ = {isa = PBXBuildFile; fileRef = 32FA73351CAB7E4F00379855 /* PersonDataVController.m */; };
		32FA733E1CABA4E600379855 /* CDTextView.m in Sources */ = {isa = PBXBuildFile; fileRef = 32FA733D1CABA4E600379855 /* CDTextView.m */; };
		32FA73421CABC7FC00379855 /* PasswordCVController.m in Sources */ = {isa = PBXBuildFile; fileRef = 32FA73401CABC7FC00379855 /* PasswordCVController.m */; };
		32FA73431CABC7FC00379855 /* PasswordCVController.xib in Resources */ = {isa = PBXBuildFile; fileRef = 32FA73411CABC7FC00379855 /* PasswordCVController.xib */; };
		32FA73461CABE32500379855 /* RefundViewController.m in Sources */ = {isa = PBXBuildFile; fileRef = 32FA73451CABE32500379855 /* RefundViewController.m */; };
		32FD72CB1CAA26E4008CB917 /* ProductTipView.m in Sources */ = {isa = PBXBuildFile; fileRef = 32FD72CA1CAA26E4008CB917 /* ProductTipView.m */; };
		32FD72CE1CAA301E008CB917 /* WebViewController.m in Sources */ = {isa = PBXBuildFile; fileRef = 32FD72CD1CAA301E008CB917 /* WebViewController.m */; };
		32FD72D51CAA8263008CB917 /* PersonVController.m in Sources */ = {isa = PBXBuildFile; fileRef = 32FD72D41CAA8263008CB917 /* PersonVController.m */; };
		32FD72DC1CAA94F0008CB917 /* PersonTVCell.m in Sources */ = {isa = PBXBuildFile; fileRef = 32FD72DA1CAA94F0008CB917 /* PersonTVCell.m */; };
		32FD72DD1CAA94F0008CB917 /* PersonTVCell.xib in Resources */ = {isa = PBXBuildFile; fileRef = 32FD72DB1CAA94F0008CB917 /* PersonTVCell.xib */; };
/* End PBXBuildFile section */

/* Begin PBXFileReference section */
		19C0DD8F63F6611305C1DF8C /* libPods.a */ = {isa = PBXFileReference; explicitFileType = archive.ar; includeInIndex = 0; path = libPods.a; sourceTree = BUILT_PRODUCTS_DIR; };
		324075B01CACCE5D00BAF253 /* newsdynamic_btn.png */ = {isa = PBXFileReference; lastKnownFileType = image.png; path = newsdynamic_btn.png; sourceTree = "<group>"; };
		324075B11CACCE5D00BAF253 /* pensionCommon_btn.png */ = {isa = PBXFileReference; lastKnownFileType = image.png; path = pensionCommon_btn.png; sourceTree = "<group>"; };
		324075B41CACCE5D00BAF253 /* pensionFind_btn.png */ = {isa = PBXFileReference; lastKnownFileType = image.png; path = pensionFind_btn.png; sourceTree = "<group>"; };
		324075B51CACCE5D00BAF253 /* regimenFind_btn.png */ = {isa = PBXFileReference; lastKnownFileType = image.png; path = regimenFind_btn.png; sourceTree = "<group>"; };
		324075BC1CACE3F900BAF253 /* regimenstrategy_btn.png */ = {isa = PBXFileReference; lastKnownFileType = image.png; path = regimenstrategy_btn.png; sourceTree = "<group>"; };
		324075BE1CACE48F00BAF253 /* healthassess_btn.png */ = {isa = PBXFileReference; lastKnownFileType = image.png; path = healthassess_btn.png; sourceTree = "<group>"; };
		324075C01CACEC5F00BAF253 /* p_01.png */ = {isa = PBXFileReference; lastKnownFileType = image.png; path = p_01.png; sourceTree = "<group>"; };
		324075C21CACEC6800BAF253 /* p_03.png */ = {isa = PBXFileReference; lastKnownFileType = image.png; path = p_03.png; sourceTree = "<group>"; };
		324075C31CACEC6800BAF253 /* p_02.png */ = {isa = PBXFileReference; lastKnownFileType = image.png; path = p_02.png; sourceTree = "<group>"; };
		324075C61CAD071300BAF253 /* SearchResultTVController.h */ = {isa = PBXFileReference; fileEncoding = 4; lastKnownFileType = sourcecode.c.h; path = SearchResultTVController.h; sourceTree = "<group>"; };
		324075C71CAD071300BAF253 /* SearchResultTVController.m */ = {isa = PBXFileReference; fileEncoding = 4; lastKnownFileType = sourcecode.c.objc; path = SearchResultTVController.m; sourceTree = "<group>"; };
		324075C91CAD213600BAF253 /* PensionSRTVCell.h */ = {isa = PBXFileReference; fileEncoding = 4; lastKnownFileType = sourcecode.c.h; path = PensionSRTVCell.h; sourceTree = "<group>"; };
		324075CA1CAD213600BAF253 /* PensionSRTVCell.m */ = {isa = PBXFileReference; fileEncoding = 4; lastKnownFileType = sourcecode.c.objc; path = PensionSRTVCell.m; sourceTree = "<group>"; };
		324075CB1CAD213600BAF253 /* PensionSRTVCell.xib */ = {isa = PBXFileReference; fileEncoding = 4; lastKnownFileType = file.xib; path = PensionSRTVCell.xib; sourceTree = "<group>"; };
		324075CE1CAD218800BAF253 /* RegimenRTVCell.h */ = {isa = PBXFileReference; fileEncoding = 4; lastKnownFileType = sourcecode.c.h; path = RegimenRTVCell.h; sourceTree = "<group>"; };
		324075CF1CAD218800BAF253 /* RegimenRTVCell.m */ = {isa = PBXFileReference; fileEncoding = 4; lastKnownFileType = sourcecode.c.objc; path = RegimenRTVCell.m; sourceTree = "<group>"; };
		324075D01CAD218800BAF253 /* RegimenRTVCell.xib */ = {isa = PBXFileReference; fileEncoding = 4; lastKnownFileType = file.xib; path = RegimenRTVCell.xib; sourceTree = "<group>"; };
		324075D31CAD2D9300BAF253 /* pension.png */ = {isa = PBXFileReference; lastKnownFileType = image.png; path = pension.png; sourceTree = "<group>"; };
		324075D51CAD2DB200BAF253 /* regimen.png */ = {isa = PBXFileReference; lastKnownFileType = image.png; path = regimen.png; sourceTree = "<group>"; };
		324CD4A51CAE172000276B57 /* ResultDetailTVController.h */ = {isa = PBXFileReference; fileEncoding = 4; lastKnownFileType = sourcecode.c.h; path = ResultDetailTVController.h; sourceTree = "<group>"; };
		324CD4A61CAE172000276B57 /* ResultDetailTVController.m */ = {isa = PBXFileReference; fileEncoding = 4; lastKnownFileType = sourcecode.c.objc; path = ResultDetailTVController.m; sourceTree = "<group>"; };
		324CD4A81CAE1E9700276B57 /* regimen_organ.png */ = {isa = PBXFileReference; lastKnownFileType = image.png; path = regimen_organ.png; sourceTree = "<group>"; };
		324CD4A91CAE1E9700276B57 /* pension_organ.png */ = {isa = PBXFileReference; lastKnownFileType = image.png; path = pension_organ.png; sourceTree = "<group>"; };
		324CD4AD1CAE630700276B57 /* LivingTimeTVCell.h */ = {isa = PBXFileReference; fileEncoding = 4; lastKnownFileType = sourcecode.c.h; path = LivingTimeTVCell.h; sourceTree = "<group>"; };
		324CD4AE1CAE630700276B57 /* LivingTimeTVCell.m */ = {isa = PBXFileReference; fileEncoding = 4; lastKnownFileType = sourcecode.c.objc; path = LivingTimeTVCell.m; sourceTree = "<group>"; };
		324CD4AF1CAE630700276B57 /* LivingTimeTVCell.xib */ = {isa = PBXFileReference; fileEncoding = 4; lastKnownFileType = file.xib; path = LivingTimeTVCell.xib; sourceTree = "<group>"; };
		324CD4B21CAE65A600276B57 /* ManageTimeTVCell.h */ = {isa = PBXFileReference; fileEncoding = 4; lastKnownFileType = sourcecode.c.h; path = ManageTimeTVCell.h; sourceTree = "<group>"; };
		324CD4B31CAE65A600276B57 /* ManageTimeTVCell.m */ = {isa = PBXFileReference; fileEncoding = 4; lastKnownFileType = sourcecode.c.objc; path = ManageTimeTVCell.m; sourceTree = "<group>"; };
		324CD4B41CAE65A600276B57 /* ManageTimeTVCell.xib */ = {isa = PBXFileReference; fileEncoding = 4; lastKnownFileType = file.xib; path = ManageTimeTVCell.xib; sourceTree = "<group>"; };
		324CD4B71CAE70F000276B57 /* HomeTVCell.h */ = {isa = PBXFileReference; fileEncoding = 4; lastKnownFileType = sourcecode.c.h; path = HomeTVCell.h; sourceTree = "<group>"; };
		324CD4B81CAE70F000276B57 /* HomeTVCell.m */ = {isa = PBXFileReference; fileEncoding = 4; lastKnownFileType = sourcecode.c.objc; path = HomeTVCell.m; sourceTree = "<group>"; };
		324CD4B91CAE70F000276B57 /* HomeTVCell.xib */ = {isa = PBXFileReference; fileEncoding = 4; lastKnownFileType = file.xib; path = HomeTVCell.xib; sourceTree = "<group>"; };
		324CD4BC1CAE783800276B57 /* home_pic.png */ = {isa = PBXFileReference; lastKnownFileType = image.png; path = home_pic.png; sourceTree = "<group>"; };
		325F84C61C9F88E4009E9770 /* PrefixHeader.pch */ = {isa = PBXFileReference; fileEncoding = 4; lastKnownFileType = sourcecode.c.h; path = PrefixHeader.pch; sourceTree = "<group>"; };
		325F84C71C9F89D2009E9770 /* UtilsMacro.h */ = {isa = PBXFileReference; lastKnownFileType = sourcecode.c.h; path = UtilsMacro.h; sourceTree = "<group>"; };
		3278CCDD1CAF8E9800038B9D /* TestModel.h */ = {isa = PBXFileReference; fileEncoding = 4; lastKnownFileType = sourcecode.c.h; path = TestModel.h; sourceTree = "<group>"; };
		3278CCDE1CAF8E9800038B9D /* TestModel.m */ = {isa = PBXFileReference; fileEncoding = 4; lastKnownFileType = sourcecode.c.objc; path = TestModel.m; sourceTree = "<group>"; };
		3278CCE01CAFBB4500038B9D /* CommentTVCell.h */ = {isa = PBXFileReference; fileEncoding = 4; lastKnownFileType = sourcecode.c.h; path = CommentTVCell.h; sourceTree = "<group>"; };
		3278CCE11CAFBB4500038B9D /* CommentTVCell.m */ = {isa = PBXFileReference; fileEncoding = 4; lastKnownFileType = sourcecode.c.objc; path = CommentTVCell.m; sourceTree = "<group>"; };
		3278CCE21CAFBB4500038B9D /* CommentTVCell.xib */ = {isa = PBXFileReference; fileEncoding = 4; lastKnownFileType = file.xib; path = CommentTVCell.xib; sourceTree = "<group>"; };
		3278CCE51CAFC17400038B9D /* shareCompany.png */ = {isa = PBXFileReference; lastKnownFileType = image.png; path = shareCompany.png; sourceTree = "<group>"; };
		3278CCE71CAFDDC100038B9D /* SelectTVCell.h */ = {isa = PBXFileReference; fileEncoding = 4; lastKnownFileType = sourcecode.c.h; path = SelectTVCell.h; sourceTree = "<group>"; };
		3278CCE81CAFDDC100038B9D /* SelectTVCell.m */ = {isa = PBXFileReference; fileEncoding = 4; lastKnownFileType = sourcecode.c.objc; path = SelectTVCell.m; sourceTree = "<group>"; };
		3292A74D1CA3D14E004FEB57 /* CDCityPicker.h */ = {isa = PBXFileReference; fileEncoding = 4; lastKnownFileType = sourcecode.c.h; path = CDCityPicker.h; sourceTree = "<group>"; };
		3292A74E1CA3D14E004FEB57 /* CDCityPicker.m */ = {isa = PBXFileReference; fileEncoding = 4; lastKnownFileType = sourcecode.c.objc; path = CDCityPicker.m; sourceTree = "<group>"; };
		3292A7501CA3DCA4004FEB57 /* districtMGE.plist */ = {isa = PBXFileReference; fileEncoding = 4; lastKnownFileType = text.plist.xml; path = districtMGE.plist; sourceTree = "<group>"; };
		32CABD561CA373AA0068AE93 /* CityCollectionViewCell.h */ = {isa = PBXFileReference; fileEncoding = 4; lastKnownFileType = sourcecode.c.h; path = CityCollectionViewCell.h; sourceTree = "<group>"; };
		32CABD571CA373AA0068AE93 /* CityCollectionViewCell.m */ = {isa = PBXFileReference; fileEncoding = 4; lastKnownFileType = sourcecode.c.objc; path = CityCollectionViewCell.m; sourceTree = "<group>"; };
		32CABD581CA373AA0068AE93 /* CitySkipViewCell.h */ = {isa = PBXFileReference; fileEncoding = 4; lastKnownFileType = sourcecode.c.h; path = CitySkipViewCell.h; sourceTree = "<group>"; };
		32CABD591CA373AA0068AE93 /* CitySkipViewCell.m */ = {isa = PBXFileReference; fileEncoding = 4; lastKnownFileType = sourcecode.c.objc; path = CitySkipViewCell.m; sourceTree = "<group>"; };
		32CABD5B1CA373AA0068AE93 /* SearchVController.h */ = {isa = PBXFileReference; fileEncoding = 4; lastKnownFileType = sourcecode.c.h; path = SearchVController.h; sourceTree = "<group>"; };
		32CABD5C1CA373AA0068AE93 /* SearchVController.m */ = {isa = PBXFileReference; fileEncoding = 4; lastKnownFileType = sourcecode.c.objc; path = SearchVController.m; sourceTree = "<group>"; };
		32CABD5D1CA373AA0068AE93 /* SearchVController.xib */ = {isa = PBXFileReference; fileEncoding = 4; lastKnownFileType = file.xib; path = SearchVController.xib; sourceTree = "<group>"; };
		32CABD5E1CA373AA0068AE93 /* HomeViewController.h */ = {isa = PBXFileReference; fileEncoding = 4; lastKnownFileType = sourcecode.c.h; path = HomeViewController.h; sourceTree = "<group>"; };
		32CABD5F1CA373AA0068AE93 /* HomeViewController.m */ = {isa = PBXFileReference; fileEncoding = 4; lastKnownFileType = sourcecode.c.objc; path = HomeViewController.m; sourceTree = "<group>"; };
		32CABD601CA373AA0068AE93 /* SeasonCTViewCell.h */ = {isa = PBXFileReference; fileEncoding = 4; lastKnownFileType = sourcecode.c.h; path = SeasonCTViewCell.h; sourceTree = "<group>"; };
		32CABD611CA373AA0068AE93 /* SeasonCTViewCell.m */ = {isa = PBXFileReference; fileEncoding = 4; lastKnownFileType = sourcecode.c.objc; path = SeasonCTViewCell.m; sourceTree = "<group>"; };
		32CABD621CA373AA0068AE93 /* SeasonMCollectViewCell.h */ = {isa = PBXFileReference; fileEncoding = 4; lastKnownFileType = sourcecode.c.h; path = SeasonMCollectViewCell.h; sourceTree = "<group>"; };
		32CABD631CA373AA0068AE93 /* SeasonMCollectViewCell.m */ = {isa = PBXFileReference; fileEncoding = 4; lastKnownFileType = sourcecode.c.objc; path = SeasonMCollectViewCell.m; sourceTree = "<group>"; };
		32CABD6C1CA373CC0068AE93 /* GDScrollBanner.h */ = {isa = PBXFileReference; fileEncoding = 4; lastKnownFileType = sourcecode.c.h; path = GDScrollBanner.h; sourceTree = "<group>"; };
		32CABD6D1CA373CC0068AE93 /* GDScrollBanner.m */ = {isa = PBXFileReference; fileEncoding = 4; lastKnownFileType = sourcecode.c.objc; path = GDScrollBanner.m; sourceTree = "<group>"; };
		32CABD731CA373DD0068AE93 /* banner.png */ = {isa = PBXFileReference; lastKnownFileType = image.png; path = banner.png; sourceTree = "<group>"; };
		32CABD741CA373DD0068AE93 /* z_02.png */ = {isa = PBXFileReference; lastKnownFileType = image.png; path = z_02.png; sourceTree = "<group>"; };
		32CABD751CA373DD0068AE93 /* z_03.png */ = {isa = PBXFileReference; lastKnownFileType = image.png; path = z_03.png; sourceTree = "<group>"; };
		32CABD7A1CA373EF0068AE93 /* DDTestApi.h */ = {isa = PBXFileReference; fileEncoding = 4; lastKnownFileType = sourcecode.c.h; path = DDTestApi.h; sourceTree = "<group>"; };
		32CABD7B1CA373EF0068AE93 /* DDTestApi.m */ = {isa = PBXFileReference; fileEncoding = 4; lastKnownFileType = sourcecode.c.objc; path = DDTestApi.m; sourceTree = "<group>"; };
		32CABD7C1CA373EF0068AE93 /* DDTestApiS.h */ = {isa = PBXFileReference; fileEncoding = 4; lastKnownFileType = sourcecode.c.h; path = DDTestApiS.h; sourceTree = "<group>"; };
		32CABD7D1CA373EF0068AE93 /* DDTestApiS.m */ = {isa = PBXFileReference; fileEncoding = 4; lastKnownFileType = sourcecode.c.objc; path = DDTestApiS.m; sourceTree = "<group>"; };
		32CABD811CA374020068AE93 /* CustomerViewController.h */ = {isa = PBXFileReference; fileEncoding = 4; lastKnownFileType = sourcecode.c.h; path = CustomerViewController.h; sourceTree = "<group>"; };
		32CABD821CA374020068AE93 /* CustomerViewController.m */ = {isa = PBXFileReference; fileEncoding = 4; lastKnownFileType = sourcecode.c.objc; path = CustomerViewController.m; sourceTree = "<group>"; };
		32CABD841CA374020068AE93 /* MineViewController.h */ = {isa = PBXFileReference; fileEncoding = 4; lastKnownFileType = sourcecode.c.h; path = MineViewController.h; sourceTree = "<group>"; };
		32CABD851CA374020068AE93 /* MineViewController.m */ = {isa = PBXFileReference; fileEncoding = 4; lastKnownFileType = sourcecode.c.objc; path = MineViewController.m; sourceTree = "<group>"; };
		32CABD881CA374020068AE93 /* TempView.h */ = {isa = PBXFileReference; fileEncoding = 4; lastKnownFileType = sourcecode.c.h; path = TempView.h; sourceTree = "<group>"; };
		32CABD891CA374020068AE93 /* TempView.m */ = {isa = PBXFileReference; fileEncoding = 4; lastKnownFileType = sourcecode.c.objc; path = TempView.m; sourceTree = "<group>"; };
		32CABD8A1CA374020068AE93 /* ThingsView.h */ = {isa = PBXFileReference; fileEncoding = 4; lastKnownFileType = sourcecode.c.h; path = ThingsView.h; sourceTree = "<group>"; };
		32CABD8B1CA374020068AE93 /* ThingsView.m */ = {isa = PBXFileReference; fileEncoding = 4; lastKnownFileType = sourcecode.c.objc; path = ThingsView.m; sourceTree = "<group>"; };
		32CABD921CA384F50068AE93 /* SearchTVController.h */ = {isa = PBXFileReference; fileEncoding = 4; lastKnownFileType = sourcecode.c.h; path = SearchTVController.h; sourceTree = "<group>"; };
		32CABD931CA384F50068AE93 /* SearchTVController.m */ = {isa = PBXFileReference; fileEncoding = 4; lastKnownFileType = sourcecode.c.objc; path = SearchTVController.m; sourceTree = "<group>"; };
		32CABD951CA39E2E0068AE93 /* CDDatePicker.h */ = {isa = PBXFileReference; fileEncoding = 4; lastKnownFileType = sourcecode.c.h; path = CDDatePicker.h; sourceTree = "<group>"; };
		32CABD961CA39E2E0068AE93 /* CDDatePicker.m */ = {isa = PBXFileReference; fileEncoding = 4; lastKnownFileType = sourcecode.c.objc; path = CDDatePicker.m; sourceTree = "<group>"; };
		32DD1DC91CA5082B00E1C229 /* SetTVCell.h */ = {isa = PBXFileReference; fileEncoding = 4; lastKnownFileType = sourcecode.c.h; path = SetTVCell.h; sourceTree = "<group>"; };
		32DD1DCA1CA5082B00E1C229 /* SetTVCell.m */ = {isa = PBXFileReference; fileEncoding = 4; lastKnownFileType = sourcecode.c.objc; path = SetTVCell.m; sourceTree = "<group>"; };
		32DD1DCB1CA5082B00E1C229 /* SetTVCell.xib */ = {isa = PBXFileReference; fileEncoding = 4; lastKnownFileType = file.xib; path = SetTVCell.xib; sourceTree = "<group>"; };
		32DDD3191CA13FD900EFACF9 /* libbaidumapapi.a */ = {isa = PBXFileReference; lastKnownFileType = archive.ar; path = libbaidumapapi.a; sourceTree = "<group>"; };
		32DDD31B1CA1406A00EFACF9 /* libPods.a */ = {isa = PBXFileReference; lastKnownFileType = archive.ar; name = libPods.a; path = "Pods/../build/Debug-iphoneos/libPods.a"; sourceTree = "<group>"; };
		32DDD31D1CA1408600EFACF9 /* libbaidumapapi.a */ = {isa = PBXFileReference; lastKnownFileType = archive.ar; name = libbaidumapapi.a; path = "../../BaiduMap_IOSSDK_v2.3.0_All/BaiduMap_IOSSDK_v2.3.0_Lib/Release-iphonesimulator/libbaidumapapi.a"; sourceTree = "<group>"; };
		32DDD35E1CA1445B00EFACF9 /* libbaidumapapi.a */ = {isa = PBXFileReference; lastKnownFileType = archive.ar; name = libbaidumapapi.a; path = "../../BaiduMap_IOSSDK_v2.3.0_All/BaiduMap_IOSSDK_v2.3.0_Lib/Release-iphoneos/libbaidumapapi.a"; sourceTree = "<group>"; };
		32DDD3601CA147BE00EFACF9 /* CoreLocation.framework */ = {isa = PBXFileReference; lastKnownFileType = wrapper.framework; name = CoreLocation.framework; path = System/Library/Frameworks/CoreLocation.framework; sourceTree = SDKROOT; };
		32DDD3621CA147CD00EFACF9 /* QuartzCore.framework */ = {isa = PBXFileReference; lastKnownFileType = wrapper.framework; name = QuartzCore.framework; path = System/Library/Frameworks/QuartzCore.framework; sourceTree = SDKROOT; };
		32DDD3641CA147DA00EFACF9 /* OpenGLES.framework */ = {isa = PBXFileReference; lastKnownFileType = wrapper.framework; name = OpenGLES.framework; path = System/Library/Frameworks/OpenGLES.framework; sourceTree = SDKROOT; };
		32DDD3661CA147ED00EFACF9 /* SystemConfiguration.framework */ = {isa = PBXFileReference; lastKnownFileType = wrapper.framework; name = SystemConfiguration.framework; path = System/Library/Frameworks/SystemConfiguration.framework; sourceTree = SDKROOT; };
		32DDD3681CA147FB00EFACF9 /* CoreGraphics.framework */ = {isa = PBXFileReference; lastKnownFileType = wrapper.framework; name = CoreGraphics.framework; path = System/Library/Frameworks/CoreGraphics.framework; sourceTree = SDKROOT; };
		32DDD36A1CA1480900EFACF9 /* Security.framework */ = {isa = PBXFileReference; lastKnownFileType = wrapper.framework; name = Security.framework; path = System/Library/Frameworks/Security.framework; sourceTree = SDKROOT; };
		32F6CD001C9A734C00E97B65 /* HealthySettle.app */ = {isa = PBXFileReference; explicitFileType = wrapper.application; includeInIndex = 0; path = HealthySettle.app; sourceTree = BUILT_PRODUCTS_DIR; };
		32F6CD041C9A734C00E97B65 /* main.m */ = {isa = PBXFileReference; lastKnownFileType = sourcecode.c.objc; path = main.m; sourceTree = "<group>"; };
		32F6CD061C9A734C00E97B65 /* AppDelegate.h */ = {isa = PBXFileReference; lastKnownFileType = sourcecode.c.h; path = AppDelegate.h; sourceTree = "<group>"; };
		32F6CD071C9A734C00E97B65 /* AppDelegate.m */ = {isa = PBXFileReference; lastKnownFileType = sourcecode.c.objc; path = AppDelegate.m; sourceTree = "<group>"; };
		32F6CD0D1C9A734C00E97B65 /* Base */ = {isa = PBXFileReference; lastKnownFileType = file.storyboard; name = Base; path = Base.lproj/Main.storyboard; sourceTree = "<group>"; };
		32F6CD0F1C9A734C00E97B65 /* Assets.xcassets */ = {isa = PBXFileReference; lastKnownFileType = folder.assetcatalog; path = Assets.xcassets; sourceTree = "<group>"; };
		32F6CD121C9A734C00E97B65 /* Base */ = {isa = PBXFileReference; lastKnownFileType = file.storyboard; name = Base; path = Base.lproj/LaunchScreen.storyboard; sourceTree = "<group>"; };
		32F6CD141C9A734C00E97B65 /* Info.plist */ = {isa = PBXFileReference; lastKnownFileType = text.plist.xml; path = Info.plist; sourceTree = "<group>"; };
		32F6CD2D1C9ABDF200E97B65 /* TabbarController.h */ = {isa = PBXFileReference; fileEncoding = 4; lastKnownFileType = sourcecode.c.h; path = TabbarController.h; sourceTree = "<group>"; };
		32F6CD2E1C9ABDF200E97B65 /* TabbarController.m */ = {isa = PBXFileReference; fileEncoding = 4; lastKnownFileType = sourcecode.c.objc; path = TabbarController.m; sourceTree = "<group>"; };
		32FA73341CAB7E4F00379855 /* PersonDataVController.h */ = {isa = PBXFileReference; fileEncoding = 4; lastKnownFileType = sourcecode.c.h; path = PersonDataVController.h; sourceTree = "<group>"; };
		32FA73351CAB7E4F00379855 /* PersonDataVController.m */ = {isa = PBXFileReference; fileEncoding = 4; lastKnownFileType = sourcecode.c.objc; path = PersonDataVController.m; sourceTree = "<group>"; };
		32FA733C1CABA4E600379855 /* CDTextView.h */ = {isa = PBXFileReference; fileEncoding = 4; lastKnownFileType = sourcecode.c.h; path = CDTextView.h; sourceTree = "<group>"; };
		32FA733D1CABA4E600379855 /* CDTextView.m */ = {isa = PBXFileReference; fileEncoding = 4; lastKnownFileType = sourcecode.c.objc; path = CDTextView.m; sourceTree = "<group>"; };
		32FA733F1CABC7FC00379855 /* PasswordCVController.h */ = {isa = PBXFileReference; fileEncoding = 4; lastKnownFileType = sourcecode.c.h; path = PasswordCVController.h; sourceTree = "<group>"; };
		32FA73401CABC7FC00379855 /* PasswordCVController.m */ = {isa = PBXFileReference; fileEncoding = 4; lastKnownFileType = sourcecode.c.objc; path = PasswordCVController.m; sourceTree = "<group>"; };
		32FA73411CABC7FC00379855 /* PasswordCVController.xib */ = {isa = PBXFileReference; fileEncoding = 4; lastKnownFileType = file.xib; path = PasswordCVController.xib; sourceTree = "<group>"; };
		32FA73441CABE32500379855 /* RefundViewController.h */ = {isa = PBXFileReference; fileEncoding = 4; lastKnownFileType = sourcecode.c.h; path = RefundViewController.h; sourceTree = "<group>"; };
		32FA73451CABE32500379855 /* RefundViewController.m */ = {isa = PBXFileReference; fileEncoding = 4; lastKnownFileType = sourcecode.c.objc; path = RefundViewController.m; sourceTree = "<group>"; };
		32FD72C91CAA26E4008CB917 /* ProductTipView.h */ = {isa = PBXFileReference; fileEncoding = 4; lastKnownFileType = sourcecode.c.h; path = ProductTipView.h; sourceTree = "<group>"; };
		32FD72CA1CAA26E4008CB917 /* ProductTipView.m */ = {isa = PBXFileReference; fileEncoding = 4; lastKnownFileType = sourcecode.c.objc; path = ProductTipView.m; sourceTree = "<group>"; };
		32FD72CC1CAA301E008CB917 /* WebViewController.h */ = {isa = PBXFileReference; fileEncoding = 4; lastKnownFileType = sourcecode.c.h; path = WebViewController.h; sourceTree = "<group>"; };
		32FD72CD1CAA301E008CB917 /* WebViewController.m */ = {isa = PBXFileReference; fileEncoding = 4; lastKnownFileType = sourcecode.c.objc; path = WebViewController.m; sourceTree = "<group>"; };
		32FD72D31CAA8263008CB917 /* PersonVController.h */ = {isa = PBXFileReference; fileEncoding = 4; lastKnownFileType = sourcecode.c.h; path = PersonVController.h; sourceTree = "<group>"; };
		32FD72D41CAA8263008CB917 /* PersonVController.m */ = {isa = PBXFileReference; fileEncoding = 4; lastKnownFileType = sourcecode.c.objc; path = PersonVController.m; sourceTree = "<group>"; };
		32FD72D91CAA94F0008CB917 /* PersonTVCell.h */ = {isa = PBXFileReference; fileEncoding = 4; lastKnownFileType = sourcecode.c.h; path = PersonTVCell.h; sourceTree = "<group>"; };
		32FD72DA1CAA94F0008CB917 /* PersonTVCell.m */ = {isa = PBXFileReference; fileEncoding = 4; lastKnownFileType = sourcecode.c.objc; path = PersonTVCell.m; sourceTree = "<group>"; };
		32FD72DB1CAA94F0008CB917 /* PersonTVCell.xib */ = {isa = PBXFileReference; fileEncoding = 4; lastKnownFileType = file.xib; path = PersonTVCell.xib; sourceTree = "<group>"; };
		3B3A723A9107D9206B488077 /* Pods.release.xcconfig */ = {isa = PBXFileReference; includeInIndex = 1; lastKnownFileType = text.xcconfig; name = Pods.release.xcconfig; path = "Pods/Target Support Files/Pods/Pods.release.xcconfig"; sourceTree = "<group>"; };
		B13104AB7B8F04CDDC48D9DD /* Pods.debug.xcconfig */ = {isa = PBXFileReference; includeInIndex = 1; lastKnownFileType = text.xcconfig; name = Pods.debug.xcconfig; path = "Pods/Target Support Files/Pods/Pods.debug.xcconfig"; sourceTree = "<group>"; };
/* End PBXFileReference section */

/* Begin PBXFrameworksBuildPhase section */
		32F6CCFD1C9A734C00E97B65 /* Frameworks */ = {
			isa = PBXFrameworksBuildPhase;
			buildActionMask = 2147483647;
			files = (
				32DDD36B1CA1480900EFACF9 /* Security.framework in Frameworks */,
				32DDD3691CA147FB00EFACF9 /* CoreGraphics.framework in Frameworks */,
				32DDD3671CA147ED00EFACF9 /* SystemConfiguration.framework in Frameworks */,
				32DDD3651CA147DA00EFACF9 /* OpenGLES.framework in Frameworks */,
				32DDD3631CA147CD00EFACF9 /* QuartzCore.framework in Frameworks */,
				32DDD3611CA147BE00EFACF9 /* CoreLocation.framework in Frameworks */,
				32DDD31C1CA1406A00EFACF9 /* libPods.a in Frameworks */,
			);
			runOnlyForDeploymentPostprocessing = 0;
		};
/* End PBXFrameworksBuildPhase section */

/* Begin PBXGroup section */
		048C4F4641833A732DF3FBF5 /* Pods */ = {
			isa = PBXGroup;
			children = (
				B13104AB7B8F04CDDC48D9DD /* Pods.debug.xcconfig */,
				3B3A723A9107D9206B488077 /* Pods.release.xcconfig */,
			);
			name = Pods;
			sourceTree = "<group>";
		};
		324CD4AC1CAE629300276B57 /* ResultCellGroup */ = {
			isa = PBXGroup;
			children = (
				324CD4AD1CAE630700276B57 /* LivingTimeTVCell.h */,
				324CD4AE1CAE630700276B57 /* LivingTimeTVCell.m */,
				324CD4AF1CAE630700276B57 /* LivingTimeTVCell.xib */,
				324CD4B21CAE65A600276B57 /* ManageTimeTVCell.h */,
				324CD4B31CAE65A600276B57 /* ManageTimeTVCell.m */,
				324CD4B41CAE65A600276B57 /* ManageTimeTVCell.xib */,
				324CD4B71CAE70F000276B57 /* HomeTVCell.h */,
				324CD4B81CAE70F000276B57 /* HomeTVCell.m */,
				324CD4B91CAE70F000276B57 /* HomeTVCell.xib */,
				3278CCE01CAFBB4500038B9D /* CommentTVCell.h */,
				3278CCE11CAFBB4500038B9D /* CommentTVCell.m */,
				3278CCE21CAFBB4500038B9D /* CommentTVCell.xib */,
				3278CCE71CAFDDC100038B9D /* SelectTVCell.h */,
				3278CCE81CAFDDC100038B9D /* SelectTVCell.m */,
			);
			path = ResultCellGroup;
			sourceTree = "<group>";
		};
		32CABD551CA373AA0068AE93 /* HomeGroup */ = {
			isa = PBXGroup;
			children = (
				32CABD581CA373AA0068AE93 /* CitySkipViewCell.h */,
				32CABD591CA373AA0068AE93 /* CitySkipViewCell.m */,
				32CABD561CA373AA0068AE93 /* CityCollectionViewCell.h */,
				32CABD571CA373AA0068AE93 /* CityCollectionViewCell.m */,
				32CABD5A1CA373AA0068AE93 /* ExactSearchGroup */,
				32CABD5E1CA373AA0068AE93 /* HomeViewController.h */,
				32CABD5F1CA373AA0068AE93 /* HomeViewController.m */,
				32FD72CC1CAA301E008CB917 /* WebViewController.h */,
				32FD72CD1CAA301E008CB917 /* WebViewController.m */,
				32CABD601CA373AA0068AE93 /* SeasonCTViewCell.h */,
				32CABD611CA373AA0068AE93 /* SeasonCTViewCell.m */,
				32CABD621CA373AA0068AE93 /* SeasonMCollectViewCell.h */,
				32CABD631CA373AA0068AE93 /* SeasonMCollectViewCell.m */,
			);
			path = HomeGroup;
			sourceTree = "<group>";
		};
		32CABD5A1CA373AA0068AE93 /* ExactSearchGroup */ = {
			isa = PBXGroup;
			children = (
				32CABD5B1CA373AA0068AE93 /* SearchVController.h */,
				32CABD5C1CA373AA0068AE93 /* SearchVController.m */,
				32CABD5D1CA373AA0068AE93 /* SearchVController.xib */,
				324075C61CAD071300BAF253 /* SearchResultTVController.h */,
				324075C71CAD071300BAF253 /* SearchResultTVController.m */,
				324CD4A51CAE172000276B57 /* ResultDetailTVController.h */,
				324CD4A61CAE172000276B57 /* ResultDetailTVController.m */,
				3278CCDD1CAF8E9800038B9D /* TestModel.h */,
				3278CCDE1CAF8E9800038B9D /* TestModel.m */,
				324CD4AC1CAE629300276B57 /* ResultCellGroup */,
				324075C91CAD213600BAF253 /* PensionSRTVCell.h */,
				324075CA1CAD213600BAF253 /* PensionSRTVCell.m */,
				324075CB1CAD213600BAF253 /* PensionSRTVCell.xib */,
				324075CE1CAD218800BAF253 /* RegimenRTVCell.h */,
				324075CF1CAD218800BAF253 /* RegimenRTVCell.m */,
				324075D01CAD218800BAF253 /* RegimenRTVCell.xib */,
			);
			path = ExactSearchGroup;
			sourceTree = "<group>";
		};
		32CABD6B1CA373CC0068AE93 /* DataSource */ = {
			isa = PBXGroup;
			children = (
				32CABD6C1CA373CC0068AE93 /* GDScrollBanner.h */,
				32CABD6D1CA373CC0068AE93 /* GDScrollBanner.m */,
				32CABD951CA39E2E0068AE93 /* CDDatePicker.h */,
				32CABD961CA39E2E0068AE93 /* CDDatePicker.m */,
				3292A7501CA3DCA4004FEB57 /* districtMGE.plist */,
				3292A74D1CA3D14E004FEB57 /* CDCityPicker.h */,
				3292A74E1CA3D14E004FEB57 /* CDCityPicker.m */,
				32FA733C1CABA4E600379855 /* CDTextView.h */,
				32FA733D1CABA4E600379855 /* CDTextView.m */,
			);
			path = DataSource;
			sourceTree = "<group>";
		};
		32CABD721CA373DD0068AE93 /* Images */ = {
			isa = PBXGroup;
			children = (
				324075D51CAD2DB200BAF253 /* regimen.png */,
				324075D31CAD2D9300BAF253 /* pension.png */,
				324075C21CACEC6800BAF253 /* p_03.png */,
				324075C31CACEC6800BAF253 /* p_02.png */,
				324075C01CACEC5F00BAF253 /* p_01.png */,
				3278CCE51CAFC17400038B9D /* shareCompany.png */,
				324CD4A81CAE1E9700276B57 /* regimen_organ.png */,
				324CD4A91CAE1E9700276B57 /* pension_organ.png */,
				324075B01CACCE5D00BAF253 /* newsdynamic_btn.png */,
				324CD4BC1CAE783800276B57 /* home_pic.png */,
				324075B11CACCE5D00BAF253 /* pensionCommon_btn.png */,
				324075BE1CACE48F00BAF253 /* healthassess_btn.png */,
				324075BC1CACE3F900BAF253 /* regimenstrategy_btn.png */,
				324075B41CACCE5D00BAF253 /* pensionFind_btn.png */,
				324075B51CACCE5D00BAF253 /* regimenFind_btn.png */,
				32CABD731CA373DD0068AE93 /* banner.png */,
				32CABD741CA373DD0068AE93 /* z_02.png */,
				32CABD751CA373DD0068AE93 /* z_03.png */,
			);
			path = Images;
			sourceTree = "<group>";
		};
		32CABD791CA373EF0068AE93 /* Server */ = {
			isa = PBXGroup;
			children = (
				32CABD7A1CA373EF0068AE93 /* DDTestApi.h */,
				32CABD7B1CA373EF0068AE93 /* DDTestApi.m */,
				32CABD7C1CA373EF0068AE93 /* DDTestApiS.h */,
				32CABD7D1CA373EF0068AE93 /* DDTestApiS.m */,
			);
			path = Server;
			sourceTree = "<group>";
		};
		32CABD801CA374020068AE93 /* CustomerGroup */ = {
			isa = PBXGroup;
			children = (
				32CABD811CA374020068AE93 /* CustomerViewController.h */,
				32CABD821CA374020068AE93 /* CustomerViewController.m */,
			);
			path = CustomerGroup;
			sourceTree = "<group>";
		};
		32CABD831CA374020068AE93 /* MyGroup */ = {
			isa = PBXGroup;
			children = (
				32CABD841CA374020068AE93 /* MineViewController.h */,
				32CABD851CA374020068AE93 /* MineViewController.m */,
				32FD72CF1CAA731E008CB917 /* PersonalGroupn */,
				32DD1DC91CA5082B00E1C229 /* SetTVCell.h */,
				32DD1DCA1CA5082B00E1C229 /* SetTVCell.m */,
				32DD1DCB1CA5082B00E1C229 /* SetTVCell.xib */,
				32CABD881CA374020068AE93 /* TempView.h */,
				32CABD891CA374020068AE93 /* TempView.m */,
				32CABD8A1CA374020068AE93 /* ThingsView.h */,
				32CABD8B1CA374020068AE93 /* ThingsView.m */,
			);
			path = MyGroup;
			sourceTree = "<group>";
		};
		32CABD8C1CA374020068AE93 /* SearchGroup */ = {
			isa = PBXGroup;
			children = (
				32CABD921CA384F50068AE93 /* SearchTVController.h */,
				32CABD931CA384F50068AE93 /* SearchTVController.m */,
			);
			path = SearchGroup;
			sourceTree = "<group>";
		};
		32F6CCF71C9A734C00E97B65 = {
			isa = PBXGroup;
			children = (
				32F6CD021C9A734C00E97B65 /* HealthySettle */,
				32F6CD011C9A734C00E97B65 /* Products */,
				048C4F4641833A732DF3FBF5 /* Pods */,
				602BB8B7B42654E2E5CE3AF8 /* Frameworks */,
			);
			sourceTree = "<group>";
		};
		32F6CD011C9A734C00E97B65 /* Products */ = {
			isa = PBXGroup;
			children = (
				32F6CD001C9A734C00E97B65 /* HealthySettle.app */,
			);
			name = Products;
			sourceTree = "<group>";
		};
		32F6CD021C9A734C00E97B65 /* HealthySettle */ = {
			isa = PBXGroup;
			children = (
				32F6CD061C9A734C00E97B65 /* AppDelegate.h */,
				32F6CD071C9A734C00E97B65 /* AppDelegate.m */,
				32FD72C81CAA26E4008CB917 /* Version */,
				32F6CD2D1C9ABDF200E97B65 /* TabbarController.h */,
				32F6CD2E1C9ABDF200E97B65 /* TabbarController.m */,
				32CABD801CA374020068AE93 /* CustomerGroup */,
				32CABD831CA374020068AE93 /* MyGroup */,
				32CABD8C1CA374020068AE93 /* SearchGroup */,
				32CABD791CA373EF0068AE93 /* Server */,
				32CABD721CA373DD0068AE93 /* Images */,
				32CABD6B1CA373CC0068AE93 /* DataSource */,
				32CABD551CA373AA0068AE93 /* HomeGroup */,
				32F6CD031C9A734C00E97B65 /* Supporting Files */,
			);
			path = HealthySettle;
			sourceTree = "<group>";
		};
		32F6CD031C9A734C00E97B65 /* Supporting Files */ = {
			isa = PBXGroup;
			children = (
				325F84C61C9F88E4009E9770 /* PrefixHeader.pch */,
				325F84C71C9F89D2009E9770 /* UtilsMacro.h */,
				32F6CD0C1C9A734C00E97B65 /* Main.storyboard */,
				32F6CD0F1C9A734C00E97B65 /* Assets.xcassets */,
				32F6CD111C9A734C00E97B65 /* LaunchScreen.storyboard */,
				32F6CD141C9A734C00E97B65 /* Info.plist */,
				32F6CD041C9A734C00E97B65 /* main.m */,
			);
			name = "Supporting Files";
			sourceTree = "<group>";
		};
		32FD72C81CAA26E4008CB917 /* Version */ = {
			isa = PBXGroup;
			children = (
				32FD72C91CAA26E4008CB917 /* ProductTipView.h */,
				32FD72CA1CAA26E4008CB917 /* ProductTipView.m */,
			);
			path = Version;
			sourceTree = "<group>";
		};
		32FD72CF1CAA731E008CB917 /* PersonalGroupn */ = {
			isa = PBXGroup;
			children = (
				32FD72D31CAA8263008CB917 /* PersonVController.h */,
				32FD72D41CAA8263008CB917 /* PersonVController.m */,
				32FA73441CABE32500379855 /* RefundViewController.h */,
				32FA73451CABE32500379855 /* RefundViewController.m */,
				32FA73341CAB7E4F00379855 /* PersonDataVController.h */,
				32FA73351CAB7E4F00379855 /* PersonDataVController.m */,
				32FA733F1CABC7FC00379855 /* PasswordCVController.h */,
				32FA73401CABC7FC00379855 /* PasswordCVController.m */,
				32FA73411CABC7FC00379855 /* PasswordCVController.xib */,
				32FD72D91CAA94F0008CB917 /* PersonTVCell.h */,
				32FD72DA1CAA94F0008CB917 /* PersonTVCell.m */,
				32FD72DB1CAA94F0008CB917 /* PersonTVCell.xib */,
			);
			path = PersonalGroupn;
			sourceTree = "<group>";
		};
		602BB8B7B42654E2E5CE3AF8 /* Frameworks */ = {
			isa = PBXGroup;
			children = (
				32DDD36A1CA1480900EFACF9 /* Security.framework */,
				32DDD3681CA147FB00EFACF9 /* CoreGraphics.framework */,
				32DDD3661CA147ED00EFACF9 /* SystemConfiguration.framework */,
				32DDD3641CA147DA00EFACF9 /* OpenGLES.framework */,
				32DDD3621CA147CD00EFACF9 /* QuartzCore.framework */,
				32DDD3601CA147BE00EFACF9 /* CoreLocation.framework */,
				32DDD35E1CA1445B00EFACF9 /* libbaidumapapi.a */,
				32DDD31D1CA1408600EFACF9 /* libbaidumapapi.a */,
				32DDD31B1CA1406A00EFACF9 /* libPods.a */,
				32DDD3191CA13FD900EFACF9 /* libbaidumapapi.a */,
				19C0DD8F63F6611305C1DF8C /* libPods.a */,
			);
			name = Frameworks;
			sourceTree = "<group>";
		};
/* End PBXGroup section */

/* Begin PBXNativeTarget section */
		32F6CCFF1C9A734C00E97B65 /* HealthySettle */ = {
			isa = PBXNativeTarget;
			buildConfigurationList = 32F6CD171C9A734C00E97B65 /* Build configuration list for PBXNativeTarget "HealthySettle" */;
			buildPhases = (
				05FD7EADA56C41DDDAD904CD /* Check Pods Manifest.lock */,
				32F6CCFC1C9A734C00E97B65 /* Sources */,
				32F6CCFD1C9A734C00E97B65 /* Frameworks */,
				32F6CCFE1C9A734C00E97B65 /* Resources */,
				5D5163ED35BEF8629E93BCD1 /* Embed Pods Frameworks */,
				AAA64B3CE574114645E92F6A /* Copy Pods Resources */,
			);
			buildRules = (
			);
			dependencies = (
			);
			name = HealthySettle;
			productName = HealthySettle;
			productReference = 32F6CD001C9A734C00E97B65 /* HealthySettle.app */;
			productType = "com.apple.product-type.application";
		};
/* End PBXNativeTarget section */

/* Begin PBXProject section */
		32F6CCF81C9A734C00E97B65 /* Project object */ = {
			isa = PBXProject;
			attributes = {
				LastUpgradeCheck = 0720;
				ORGANIZATIONNAME = yrc;
				TargetAttributes = {
					32F6CCFF1C9A734C00E97B65 = {
						CreatedOnToolsVersion = 7.2.1;
					};
				};
			};
			buildConfigurationList = 32F6CCFB1C9A734C00E97B65 /* Build configuration list for PBXProject "HealthySettle" */;
			compatibilityVersion = "Xcode 3.2";
			developmentRegion = English;
			hasScannedForEncodings = 0;
			knownRegions = (
				en,
				Base,
			);
			mainGroup = 32F6CCF71C9A734C00E97B65;
			productRefGroup = 32F6CD011C9A734C00E97B65 /* Products */;
			projectDirPath = "";
			projectRoot = "";
			targets = (
				32F6CCFF1C9A734C00E97B65 /* HealthySettle */,
			);
		};
/* End PBXProject section */

/* Begin PBXResourcesBuildPhase section */
		32F6CCFE1C9A734C00E97B65 /* Resources */ = {
			isa = PBXResourcesBuildPhase;
			buildActionMask = 2147483647;
			files = (
				32FD72DD1CAA94F0008CB917 /* PersonTVCell.xib in Resources */,
				32FA73431CABC7FC00379855 /* PasswordCVController.xib in Resources */,
				32F6CD131C9A734C00E97B65 /* LaunchScreen.storyboard in Resources */,
				32DD1DCD1CA5082B00E1C229 /* SetTVCell.xib in Resources */,
				324075D21CAD218800BAF253 /* RegimenRTVCell.xib in Resources */,
				324075D61CAD2DB200BAF253 /* regimen.png in Resources */,
				324075BF1CACE48F00BAF253 /* healthassess_btn.png in Resources */,
				324075CD1CAD213600BAF253 /* PensionSRTVCell.xib in Resources */,
				32F6CD101C9A734C00E97B65 /* Assets.xcassets in Resources */,
				324CD4BB1CAE70F000276B57 /* HomeTVCell.xib in Resources */,
				324075BD1CACE3F900BAF253 /* regimenstrategy_btn.png in Resources */,
				324075BA1CACCE5D00BAF253 /* pensionFind_btn.png in Resources */,
				324075B71CACCE5D00BAF253 /* pensionCommon_btn.png in Resources */,
				3278CCE61CAFC17400038B9D /* shareCompany.png in Resources */,
				324CD4B11CAE630700276B57 /* LivingTimeTVCell.xib in Resources */,
				3292A7511CA3DCA4004FEB57 /* districtMGE.plist in Resources */,
				3278CCE41CAFBB4500038B9D /* CommentTVCell.xib in Resources */,
				32CABD771CA373DD0068AE93 /* z_02.png in Resources */,
				324075D41CAD2D9300BAF253 /* pension.png in Resources */,
				324CD4AA1CAE1E9700276B57 /* regimen_organ.png in Resources */,
				324075C11CACEC5F00BAF253 /* p_01.png in Resources */,
				324075C41CACEC6800BAF253 /* p_03.png in Resources */,
				324CD4B61CAE65A600276B57 /* ManageTimeTVCell.xib in Resources */,
				324CD4AB1CAE1E9700276B57 /* pension_organ.png in Resources */,
				32CABD671CA373AA0068AE93 /* SearchVController.xib in Resources */,
				324CD4BD1CAE783800276B57 /* home_pic.png in Resources */,
				32CABD781CA373DD0068AE93 /* z_03.png in Resources */,
				32F6CD0E1C9A734C00E97B65 /* Main.storyboard in Resources */,
				324075C51CACEC6800BAF253 /* p_02.png in Resources */,
				32CABD761CA373DD0068AE93 /* banner.png in Resources */,
				324075BB1CACCE5D00BAF253 /* regimenFind_btn.png in Resources */,
				324075B61CACCE5D00BAF253 /* newsdynamic_btn.png in Resources */,
			);
			runOnlyForDeploymentPostprocessing = 0;
		};
/* End PBXResourcesBuildPhase section */

/* Begin PBXShellScriptBuildPhase section */
		05FD7EADA56C41DDDAD904CD /* Check Pods Manifest.lock */ = {
			isa = PBXShellScriptBuildPhase;
			buildActionMask = 2147483647;
			files = (
			);
			inputPaths = (
			);
			name = "Check Pods Manifest.lock";
			outputPaths = (
			);
			runOnlyForDeploymentPostprocessing = 0;
			shellPath = /bin/sh;
			shellScript = "diff \"${PODS_ROOT}/../Podfile.lock\" \"${PODS_ROOT}/Manifest.lock\" > /dev/null\nif [[ $? != 0 ]] ; then\n    cat << EOM\nerror: The sandbox is not in sync with the Podfile.lock. Run 'pod install' or update your CocoaPods installation.\nEOM\n    exit 1\nfi\n";
			showEnvVarsInLog = 0;
		};
		5D5163ED35BEF8629E93BCD1 /* Embed Pods Frameworks */ = {
			isa = PBXShellScriptBuildPhase;
			buildActionMask = 2147483647;
			files = (
			);
			inputPaths = (
			);
			name = "Embed Pods Frameworks";
			outputPaths = (
			);
			runOnlyForDeploymentPostprocessing = 0;
			shellPath = /bin/sh;
			shellScript = "\"${SRCROOT}/Pods/Target Support Files/Pods/Pods-frameworks.sh\"\n";
			showEnvVarsInLog = 0;
		};
		AAA64B3CE574114645E92F6A /* Copy Pods Resources */ = {
			isa = PBXShellScriptBuildPhase;
			buildActionMask = 2147483647;
			files = (
			);
			inputPaths = (
			);
			name = "Copy Pods Resources";
			outputPaths = (
			);
			runOnlyForDeploymentPostprocessing = 0;
			shellPath = /bin/sh;
			shellScript = "\"${SRCROOT}/Pods/Target Support Files/Pods/Pods-resources.sh\"\n";
			showEnvVarsInLog = 0;
		};
/* End PBXShellScriptBuildPhase section */

/* Begin PBXSourcesBuildPhase section */
		32F6CCFC1C9A734C00E97B65 /* Sources */ = {
			isa = PBXSourcesBuildPhase;
			buildActionMask = 2147483647;
			files = (
				32CABD8D1CA374020068AE93 /* CustomerViewController.m in Sources */,
				324CD4BA1CAE70F000276B57 /* HomeTVCell.m in Sources */,
				32CABD691CA373AA0068AE93 /* SeasonCTViewCell.m in Sources */,
				324075C81CAD071300BAF253 /* SearchResultTVController.m in Sources */,
				32FA733E1CABA4E600379855 /* CDTextView.m in Sources */,
				32CABD701CA373CC0068AE93 /* GDScrollBanner.m in Sources */,
				32FD72CB1CAA26E4008CB917 /* ProductTipView.m in Sources */,
				32FA73421CABC7FC00379855 /* PasswordCVController.m in Sources */,
				32F6CD081C9A734C00E97B65 /* AppDelegate.m in Sources */,
				32CABD7E1CA373EF0068AE93 /* DDTestApi.m in Sources */,
				32FA73461CABE32500379855 /* RefundViewController.m in Sources */,
				32CABD651CA373AA0068AE93 /* CitySkipViewCell.m in Sources */,
				32DD1DCC1CA5082B00E1C229 /* SetTVCell.m in Sources */,
				324CD4B01CAE630700276B57 /* LivingTimeTVCell.m in Sources */,
				32CABD911CA374020068AE93 /* ThingsView.m in Sources */,
				3278CCDF1CAF8E9800038B9D /* TestModel.m in Sources */,
				324075CC1CAD213600BAF253 /* PensionSRTVCell.m in Sources */,
				3292A74F1CA3D14E004FEB57 /* CDCityPicker.m in Sources */,
				324075D11CAD218800BAF253 /* RegimenRTVCell.m in Sources */,
				32CABD901CA374020068AE93 /* TempView.m in Sources */,
				32CABD661CA373AA0068AE93 /* SearchVController.m in Sources */,
				32CABD7F1CA373EF0068AE93 /* DDTestApiS.m in Sources */,
				32F6CD051C9A734C00E97B65 /* main.m in Sources */,
				32FD72D51CAA8263008CB917 /* PersonVController.m in Sources */,
				324CD4A71CAE172000276B57 /* ResultDetailTVController.m in Sources */,
				32FD72CE1CAA301E008CB917 /* WebViewController.m in Sources */,
				32CABD6A1CA373AA0068AE93 /* SeasonMCollectViewCell.m in Sources */,
				32F6CD2F1C9ABDF200E97B65 /* TabbarController.m in Sources */,
				32CABD941CA384F50068AE93 /* SearchTVController.m in Sources */,
				32CABD971CA39E2E0068AE93 /* CDDatePicker.m in Sources */,
				32FD72DC1CAA94F0008CB917 /* PersonTVCell.m in Sources */,
				32CABD8E1CA374020068AE93 /* MineViewController.m in Sources */,
				3278CCE31CAFBB4500038B9D /* CommentTVCell.m in Sources */,
				32FA73361CAB7E4F00379855 /* PersonDataVController.m in Sources */,
				324CD4B51CAE65A600276B57 /* ManageTimeTVCell.m in Sources */,
				32CABD681CA373AA0068AE93 /* HomeViewController.m in Sources */,
				32CABD641CA373AA0068AE93 /* CityCollectionViewCell.m in Sources */,
				3278CCE91CAFDDC100038B9D /* SelectTVCell.m in Sources */,
			);
			runOnlyForDeploymentPostprocessing = 0;
		};
/* End PBXSourcesBuildPhase section */

/* Begin PBXVariantGroup section */
		32F6CD0C1C9A734C00E97B65 /* Main.storyboard */ = {
			isa = PBXVariantGroup;
			children = (
				32F6CD0D1C9A734C00E97B65 /* Base */,
			);
			name = Main.storyboard;
			sourceTree = "<group>";
		};
		32F6CD111C9A734C00E97B65 /* LaunchScreen.storyboard */ = {
			isa = PBXVariantGroup;
			children = (
				32F6CD121C9A734C00E97B65 /* Base */,
			);
			name = LaunchScreen.storyboard;
			sourceTree = "<group>";
		};
/* End PBXVariantGroup section */

/* Begin XCBuildConfiguration section */
		32F6CD151C9A734C00E97B65 /* Debug */ = {
			isa = XCBuildConfiguration;
			buildSettings = {
				ALWAYS_SEARCH_USER_PATHS = NO;
				CLANG_CXX_LANGUAGE_STANDARD = "gnu++0x";
				CLANG_CXX_LIBRARY = "libc++";
				CLANG_ENABLE_MODULES = YES;
				CLANG_ENABLE_OBJC_ARC = YES;
				CLANG_WARN_BOOL_CONVERSION = YES;
				CLANG_WARN_CONSTANT_CONVERSION = YES;
				CLANG_WARN_DIRECT_OBJC_ISA_USAGE = YES_ERROR;
				CLANG_WARN_EMPTY_BODY = YES;
				CLANG_WARN_ENUM_CONVERSION = YES;
				CLANG_WARN_INT_CONVERSION = YES;
				CLANG_WARN_OBJC_ROOT_CLASS = YES_ERROR;
				CLANG_WARN_UNREACHABLE_CODE = YES;
				CLANG_WARN__DUPLICATE_METHOD_MATCH = YES;
				"CODE_SIGN_IDENTITY[sdk=iphoneos*]" = "iPhone Developer";
				COPY_PHASE_STRIP = NO;
				DEBUG_INFORMATION_FORMAT = dwarf;
				ENABLE_STRICT_OBJC_MSGSEND = YES;
				ENABLE_TESTABILITY = YES;
				GCC_C_LANGUAGE_STANDARD = gnu99;
				GCC_DYNAMIC_NO_PIC = NO;
				GCC_NO_COMMON_BLOCKS = YES;
				GCC_OPTIMIZATION_LEVEL = 0;
				GCC_PREPROCESSOR_DEFINITIONS = (
					"DEBUG=1",
					"$(inherited)",
				);
				GCC_WARN_64_TO_32_BIT_CONVERSION = YES;
				GCC_WARN_ABOUT_RETURN_TYPE = YES_ERROR;
				GCC_WARN_UNDECLARED_SELECTOR = YES;
				GCC_WARN_UNINITIALIZED_AUTOS = YES_AGGRESSIVE;
				GCC_WARN_UNUSED_FUNCTION = YES;
				GCC_WARN_UNUSED_VARIABLE = YES;
				IPHONEOS_DEPLOYMENT_TARGET = 9.2;
				MTL_ENABLE_DEBUG_INFO = YES;
				ONLY_ACTIVE_ARCH = YES;
				SDKROOT = iphoneos;
			};
			name = Debug;
		};
		32F6CD161C9A734C00E97B65 /* Release */ = {
			isa = XCBuildConfiguration;
			buildSettings = {
				ALWAYS_SEARCH_USER_PATHS = NO;
				CLANG_CXX_LANGUAGE_STANDARD = "gnu++0x";
				CLANG_CXX_LIBRARY = "libc++";
				CLANG_ENABLE_MODULES = YES;
				CLANG_ENABLE_OBJC_ARC = YES;
				CLANG_WARN_BOOL_CONVERSION = YES;
				CLANG_WARN_CONSTANT_CONVERSION = YES;
				CLANG_WARN_DIRECT_OBJC_ISA_USAGE = YES_ERROR;
				CLANG_WARN_EMPTY_BODY = YES;
				CLANG_WARN_ENUM_CONVERSION = YES;
				CLANG_WARN_INT_CONVERSION = YES;
				CLANG_WARN_OBJC_ROOT_CLASS = YES_ERROR;
				CLANG_WARN_UNREACHABLE_CODE = YES;
				CLANG_WARN__DUPLICATE_METHOD_MATCH = YES;
				"CODE_SIGN_IDENTITY[sdk=iphoneos*]" = "iPhone Developer";
				COPY_PHASE_STRIP = NO;
				DEBUG_INFORMATION_FORMAT = "dwarf-with-dsym";
				ENABLE_NS_ASSERTIONS = NO;
				ENABLE_STRICT_OBJC_MSGSEND = YES;
				GCC_C_LANGUAGE_STANDARD = gnu99;
				GCC_NO_COMMON_BLOCKS = YES;
				GCC_WARN_64_TO_32_BIT_CONVERSION = YES;
				GCC_WARN_ABOUT_RETURN_TYPE = YES_ERROR;
				GCC_WARN_UNDECLARED_SELECTOR = YES;
				GCC_WARN_UNINITIALIZED_AUTOS = YES_AGGRESSIVE;
				GCC_WARN_UNUSED_FUNCTION = YES;
				GCC_WARN_UNUSED_VARIABLE = YES;
				IPHONEOS_DEPLOYMENT_TARGET = 9.2;
				MTL_ENABLE_DEBUG_INFO = NO;
				SDKROOT = iphoneos;
				VALIDATE_PRODUCT = YES;
			};
			name = Release;
		};
		32F6CD181C9A734C00E97B65 /* Debug */ = {
			isa = XCBuildConfiguration;
			baseConfigurationReference = B13104AB7B8F04CDDC48D9DD /* Pods.debug.xcconfig */;
			buildSettings = {
				ASSETCATALOG_COMPILER_APPICON_NAME = AppIcon;
				CLANG_WARN_NULLABLE_TO_NONNULL_CONVERSION = NO;
				CODE_SIGN_IDENTITY = "iPhone Developer";
				GCC_INPUT_FILETYPE = sourcecode.c.objc;
				GCC_PREFIX_HEADER = HealthySettle/PrefixHeader.pch;
				INFOPLIST_FILE = HealthySettle/Info.plist;
				IPHONEOS_DEPLOYMENT_TARGET = 8.0;
				LD_RUNPATH_SEARCH_PATHS = "$(inherited) @executable_path/Frameworks";
				LIBRARY_SEARCH_PATHS = (
					"$(inherited)",
					"$(PROJECT_DIR)",
				);
				OTHER_LDFLAGS = (
					"$(inherited)",
					"-ObjC",
					"-l\"AFDownloadRequestOperation\"",
					"-l\"AFNetworking\"",
					"-l\"Masonry\"",
					"-l\"SDWebImage\"",
					"-l\"YTKNetwork\"",
					"-framework",
					"\"CoreGraphics\"",
					"-framework",
					"\"Foundation\"",
					"-framework",
					"\"ImageIO\"",
					"-framework",
					"\"MobileCoreServices\"",
					"-framework",
					"\"Security\"",
					"-framework",
					"\"SystemConfiguration\"",
					"-framework",
					"\"UIKit\"",
				);
				PRODUCT_BUNDLE_IDENTIFIER = cdd.HealthySettle;
				PRODUCT_NAME = "$(TARGET_NAME)";
			};
			name = Debug;
		};
		32F6CD191C9A734C00E97B65 /* Release */ = {
			isa = XCBuildConfiguration;
			baseConfigurationReference = 3B3A723A9107D9206B488077 /* Pods.release.xcconfig */;
			buildSettings = {
				ASSETCATALOG_COMPILER_APPICON_NAME = AppIcon;
				CLANG_WARN_NULLABLE_TO_NONNULL_CONVERSION = NO;
				CODE_SIGN_IDENTITY = "iPhone Developer";
				GCC_INPUT_FILETYPE = sourcecode.c.objc;
				GCC_PREFIX_HEADER = HealthySettle/PrefixHeader.pch;
				INFOPLIST_FILE = HealthySettle/Info.plist;
				IPHONEOS_DEPLOYMENT_TARGET = 8.0;
				LD_RUNPATH_SEARCH_PATHS = "$(inherited) @executable_path/Frameworks";
				LIBRARY_SEARCH_PATHS = (
					"$(inherited)",
					"$(PROJECT_DIR)",
				);
				OTHER_LDFLAGS = (
					"$(inherited)",
					"-ObjC",
					"-l\"AFDownloadRequestOperation\"",
					"-l\"AFNetworking\"",
					"-l\"Masonry\"",
					"-l\"SDWebImage\"",
					"-l\"YTKNetwork\"",
					"-framework",
					"\"CoreGraphics\"",
					"-framework",
					"\"Foundation\"",
					"-framework",
					"\"ImageIO\"",
					"-framework",
					"\"MobileCoreServices\"",
					"-framework",
					"\"Security\"",
					"-framework",
					"\"SystemConfiguration\"",
					"-framework",
					"\"UIKit\"",
				);
				PRODUCT_BUNDLE_IDENTIFIER = cdd.HealthySettle;
				PRODUCT_NAME = "$(TARGET_NAME)";
			};
			name = Release;
		};
/* End XCBuildConfiguration section */

/* Begin XCConfigurationList section */
		32F6CCFB1C9A734C00E97B65 /* Build configuration list for PBXProject "HealthySettle" */ = {
			isa = XCConfigurationList;
			buildConfigurations = (
				32F6CD151C9A734C00E97B65 /* Debug */,
				32F6CD161C9A734C00E97B65 /* Release */,
			);
			defaultConfigurationIsVisible = 0;
			defaultConfigurationName = Release;
		};
		32F6CD171C9A734C00E97B65 /* Build configuration list for PBXNativeTarget "HealthySettle" */ = {
			isa = XCConfigurationList;
			buildConfigurations = (
				32F6CD181C9A734C00E97B65 /* Debug */,
				32F6CD191C9A734C00E97B65 /* Release */,
			);
			defaultConfigurationIsVisible = 0;
			defaultConfigurationName = Release;
		};
/* End XCConfigurationList section */
	};
	rootObject = 32F6CCF81C9A734C00E97B65 /* Project object */;
}
