// !$*UTF8*$!
{
	archiveVersion = 1;
	classes = {
	};
	objectVersion = 46;
	objects = {

/* Begin PBXBuildFile section */
		32F6CD051C9A734C00E97B65 /* main.m in Sources */ = {isa = PBXBuildFile; fileRef = 32F6CD041C9A734C00E97B65 /* main.m */; };
		32F6CD081C9A734C00E97B65 /* AppDelegate.m in Sources */ = {isa = PBXBuildFile; fileRef = 32F6CD071C9A734C00E97B65 /* AppDelegate.m */; };
		32F6CD0B1C9A734C00E97B65 /* ViewController.m in Sources */ = {isa = PBXBuildFile; fileRef = 32F6CD0A1C9A734C00E97B65 /* ViewController.m */; };
		32F6CD0E1C9A734C00E97B65 /* Main.storyboard in Resources */ = {isa = PBXBuildFile; fileRef = 32F6CD0C1C9A734C00E97B65 /* Main.storyboard */; };
		32F6CD101C9A734C00E97B65 /* Assets.xcassets in Resources */ = {isa = PBXBuildFile; fileRef = 32F6CD0F1C9A734C00E97B65 /* Assets.xcassets */; };
		32F6CD131C9A734C00E97B65 /* LaunchScreen.storyboard in Resources */ = {isa = PBXBuildFile; fileRef = 32F6CD111C9A734C00E97B65 /* LaunchScreen.storyboard */; };
/* End PBXBuildFile section */

/* Begin PBXFileReference section */
		32F6CD001C9A734C00E97B65 /* HealthySettle.app */ = {isa = PBXFileReference; explicitFileType = wrapper.application; includeInIndex = 0; path = HealthySettle.app; sourceTree = BUILT_PRODUCTS_DIR; };
		32F6CD041C9A734C00E97B65 /* main.m */ = {isa = PBXFileReference; lastKnownFileType = sourcecode.c.objc; path = main.m; sourceTree = "<group>"; };
		32F6CD061C9A734C00E97B65 /* AppDelegate.h */ = {isa = PBXFileReference; lastKnownFileType = sourcecode.c.h; path = AppDelegate.h; sourceTree = "<group>"; };
		32F6CD071C9A734C00E97B65 /* AppDelegate.m */ = {isa = PBXFileReference; lastKnownFileType = sourcecode.c.objc; path = AppDelegate.m; sourceTree = "<group>"; };
		32F6CD091C9A734C00E97B65 /* ViewController.h */ = {isa = PBXFileReference; lastKnownFileType = sourcecode.c.h; path = ViewController.h; sourceTree = "<group>"; };
		32F6CD0A1C9A734C00E97B65 /* ViewController.m */ = {isa = PBXFileReference; lastKnownFileType = sourcecode.c.objc; path = ViewController.m; sourceTree = "<group>"; };
		32F6CD0D1C9A734C00E97B65 /* Base */ = {isa = PBXFileReference; lastKnownFileType = file.storyboard; name = Base; path = Base.lproj/Main.storyboard; sourceTree = "<group>"; };
		32F6CD0F1C9A734C00E97B65 /* Assets.xcassets */ = {isa = PBXFileReference; lastKnownFileType = folder.assetcatalog; path = Assets.xcassets; sourceTree = "<group>"; };
		32F6CD121C9A734C00E97B65 /* Base */ = {isa = PBXFileReference; lastKnownFileType = file.storyboard; name = Base; path = Base.lproj/LaunchScreen.storyboard; sourceTree = "<group>"; };
		32F6CD141C9A734C00E97B65 /* Info.plist */ = {isa = PBXFileReference; lastKnownFileType = text.plist.xml; path = Info.plist; sourceTree = "<group>"; };
/* End PBXFileReference section */

/* Begin PBXFrameworksBuildPhase section */
		32F6CCFD1C9A734C00E97B65 /* Frameworks */ = {
			isa = PBXFrameworksBuildPhase;
			buildActionMask = 2147483647;
			files = (
			);
			runOnlyForDeploymentPostprocessing = 0;
		};
/* End PBXFrameworksBuildPhase section */

/* Begin PBXGroup section */
		32F6CCF71C9A734C00E97B65 = {
			isa = PBXGroup;
			children = (
				32F6CD021C9A734C00E97B65 /* HealthySettle */,
				32F6CD011C9A734C00E97B65 /* Products */,
			);
			sourceTree = "<group>";
		};
		32F6CD011C9A734C00E97B65 /* Products */ = {
			isa = PBXGroup;
			children = (
				32F6CD001C9A734C00E97B65 /* HealthySettle.app */,
			);
			name = Products;
			sourceTree = "<group>";
		};
		32F6CD021C9A734C00E97B65 /* HealthySettle */ = {
			isa = PBXGroup;
			children = (
				32F6CD061C9A734C00E97B65 /* AppDelegate.h */,
				32F6CD071C9A734C00E97B65 /* AppDelegate.m */,
				32F6CD091C9A734C00E97B65 /* ViewController.h */,
				32F6CD0A1C9A734C00E97B65 /* ViewController.m */,
				32F6CD0C1C9A734C00E97B65 /* Main.storyboard */,
				32F6CD0F1C9A734C00E97B65 /* Assets.xcassets */,
				32F6CD111C9A734C00E97B65 /* LaunchScreen.storyboard */,
				32F6CD141C9A734C00E97B65 /* Info.plist */,
				32F6CD031C9A734C00E97B65 /* Supporting Files */,
			);
			path = HealthySettle;
			sourceTree = "<group>";
		};
		32F6CD031C9A734C00E97B65 /* Supporting Files */ = {
			isa = PBXGroup;
			children = (
				32F6CD041C9A734C00E97B65 /* main.m */,
			);
			name = "Supporting Files";
			sourceTree = "<group>";
		};
/* End PBXGroup section */

/* Begin PBXNativeTarget section */
		32F6CCFF1C9A734C00E97B65 /* HealthySettle */ = {
			isa = PBXNativeTarget;
			buildConfigurationList = 32F6CD171C9A734C00E97B65 /* Build configuration list for PBXNativeTarget "HealthySettle" */;
			buildPhases = (
				32F6CCFC1C9A734C00E97B65 /* Sources */,
				32F6CCFD1C9A734C00E97B65 /* Frameworks */,
				32F6CCFE1C9A734C00E97B65 /* Resources */,
			);
			buildRules = (
			);
			dependencies = (
			);
			name = HealthySettle;
			productName = HealthySettle;
			productReference = 32F6CD001C9A734C00E97B65 /* HealthySettle.app */;
			productType = "com.apple.product-type.application";
		};
/* End PBXNativeTarget section */

/* Begin PBXProject section */
		32F6CCF81C9A734C00E97B65 /* Project object */ = {
			isa = PBXProject;
			attributes = {
				LastUpgradeCheck = 0720;
				ORGANIZATIONNAME = yrc;
				TargetAttributes = {
					32F6CCFF1C9A734C00E97B65 = {
						CreatedOnToolsVersion = 7.2.1;
					};
				};
			};
			buildConfigurationList = 32F6CCFB1C9A734C00E97B65 /* Build configuration list for PBXProject "HealthySettle" */;
			compatibilityVersion = "Xcode 3.2";
			developmentRegion = English;
			hasScannedForEncodings = 0;
			knownRegions = (
				en,
				Base,
			);
			mainGroup = 32F6CCF71C9A734C00E97B65;
			productRefGroup = 32F6CD011C9A734C00E97B65 /* Products */;
			projectDirPath = "";
			projectRoot = "";
			targets = (
				32F6CCFF1C9A734C00E97B65 /* HealthySettle */,
			);
		};
/* End PBXProject section */

/* Begin PBXResourcesBuildPhase section */
		32F6CCFE1C9A734C00E97B65 /* Resources */ = {
			isa = PBXResourcesBuildPhase;
			buildActionMask = 2147483647;
			files = (
				32F6CD131C9A734C00E97B65 /* LaunchScreen.storyboard in Resources */,
				32F6CD101C9A734C00E97B65 /* Assets.xcassets in Resources */,
				32F6CD0E1C9A734C00E97B65 /* Main.storyboard in Resources */,
			);
			runOnlyForDeploymentPostprocessing = 0;
		};
/* End PBXResourcesBuildPhase section */

/* Begin PBXSourcesBuildPhase section */
		32F6CCFC1C9A734C00E97B65 /* Sources */ = {
			isa = PBXSourcesBuildPhase;
			buildActionMask = 2147483647;
			files = (
				32F6CD0B1C9A734C00E97B65 /* ViewController.m in Sources */,
				32F6CD081C9A734C00E97B65 /* AppDelegate.m in Sources */,
				32F6CD051C9A734C00E97B65 /* main.m in Sources */,
			);
			runOnlyForDeploymentPostprocessing = 0;
		};
/* End PBXSourcesBuildPhase section */

/* Begin PBXVariantGroup section */
		32F6CD0C1C9A734C00E97B65 /* Main.storyboard */ = {
			isa = PBXVariantGroup;
			children = (
				32F6CD0D1C9A734C00E97B65 /* Base */,
			);
			name = Main.storyboard;
			sourceTree = "<group>";
		};
		32F6CD111C9A734C00E97B65 /* LaunchScreen.storyboard */ = {
			isa = PBXVariantGroup;
			children = (
				32F6CD121C9A734C00E97B65 /* Base */,
			);
			name = LaunchScreen.storyboard;
			sourceTree = "<group>";
		};
/* End PBXVariantGroup section */

/* Begin XCBuildConfiguration section */
		32F6CD151C9A734C00E97B65 /* Debug */ = {
			isa = XCBuildConfiguration;
			buildSettings = {
				ALWAYS_SEARCH_USER_PATHS = NO;
				CLANG_CXX_LANGUAGE_STANDARD = "gnu++0x";
				CLANG_CXX_LIBRARY = "libc++";
				CLANG_ENABLE_MODULES = YES;
				CLANG_ENABLE_OBJC_ARC = YES;
				CLANG_WARN_BOOL_CONVERSION = YES;
				CLANG_WARN_CONSTANT_CONVERSION = YES;
				CLANG_WARN_DIRECT_OBJC_ISA_USAGE = YES_ERROR;
				CLANG_WARN_EMPTY_BODY = YES;
				CLANG_WARN_ENUM_CONVERSION = YES;
				CLANG_WARN_INT_CONVERSION = YES;
				CLANG_WARN_OBJC_ROOT_CLASS = YES_ERROR;
				CLANG_WARN_UNREACHABLE_CODE = YES;
				CLANG_WARN__DUPLICATE_METHOD_MATCH = YES;
				"CODE_SIGN_IDENTITY[sdk=iphoneos*]" = "iPhone Developer";
				COPY_PHASE_STRIP = NO;
				DEBUG_INFORMATION_FORMAT = dwarf;
				ENABLE_STRICT_OBJC_MSGSEND = YES;
				ENABLE_TESTABILITY = YES;
				GCC_C_LANGUAGE_STANDARD = gnu99;
				GCC_DYNAMIC_NO_PIC = NO;
				GCC_NO_COMMON_BLOCKS = YES;
				GCC_OPTIMIZATION_LEVEL = 0;
				GCC_PREPROCESSOR_DEFINITIONS = (
					"DEBUG=1",
					"$(inherited)",
				);
				GCC_WARN_64_TO_32_BIT_CONVERSION = YES;
				GCC_WARN_ABOUT_RETURN_TYPE = YES_ERROR;
				GCC_WARN_UNDECLARED_SELECTOR = YES;
				GCC_WARN_UNINITIALIZED_AUTOS = YES_AGGRESSIVE;
				GCC_WARN_UNUSED_FUNCTION = YES;
				GCC_WARN_UNUSED_VARIABLE = YES;
				IPHONEOS_DEPLOYMENT_TARGET = 9.2;
				MTL_ENABLE_DEBUG_INFO = YES;
				ONLY_ACTIVE_ARCH = YES;
				SDKROOT = iphoneos;
			};
			name = Debug;
		};
		32F6CD161C9A734C00E97B65 /* Release */ = {
			isa = XCBuildConfiguration;
			buildSettings = {
				ALWAYS_SEARCH_USER_PATHS = NO;
				CLANG_CXX_LANGUAGE_STANDARD = "gnu++0x";
				CLANG_CXX_LIBRARY = "libc++";
				CLANG_ENABLE_MODULES = YES;
				CLANG_ENABLE_OBJC_ARC = YES;
				CLANG_WARN_BOOL_CONVERSION = YES;
				CLANG_WARN_CONSTANT_CONVERSION = YES;
				CLANG_WARN_DIRECT_OBJC_ISA_USAGE = YES_ERROR;
				CLANG_WARN_EMPTY_BODY = YES;
				CLANG_WARN_ENUM_CONVERSION = YES;
				CLANG_WARN_INT_CONVERSION = YES;
				CLANG_WARN_OBJC_ROOT_CLASS = YES_ERROR;
				CLANG_WARN_UNREACHABLE_CODE = YES;
				CLANG_WARN__DUPLICATE_METHOD_MATCH = YES;
				"CODE_SIGN_IDENTITY[sdk=iphoneos*]" = "iPhone Developer";
				COPY_PHASE_STRIP = NO;
				DEBUG_INFORMATION_FORMAT = "dwarf-with-dsym";
				ENABLE_NS_ASSERTIONS = NO;
				ENABLE_STRICT_OBJC_MSGSEND = YES;
				GCC_C_LANGUAGE_STANDARD = gnu99;
				GCC_NO_COMMON_BLOCKS = YES;
				GCC_WARN_64_TO_32_BIT_CONVERSION = YES;
				GCC_WARN_ABOUT_RETURN_TYPE = YES_ERROR;
				GCC_WARN_UNDECLARED_SELECTOR = YES;
				GCC_WARN_UNINITIALIZED_AUTOS = YES_AGGRESSIVE;
				GCC_WARN_UNUSED_FUNCTION = YES;
				GCC_WARN_UNUSED_VARIABLE = YES;
				IPHONEOS_DEPLOYMENT_TARGET = 9.2;
				MTL_ENABLE_DEBUG_INFO = NO;
				SDKROOT = iphoneos;
				VALIDATE_PRODUCT = YES;
			};
			name = Release;
		};
		32F6CD181C9A734C00E97B65 /* Debug */ = {
			isa = XCBuildConfiguration;
			buildSettings = {
				ASSETCATALOG_COMPILER_APPICON_NAME = AppIcon;
				CODE_SIGN_IDENTITY = "iPhone Developer";
				INFOPLIST_FILE = HealthySettle/Info.plist;
				LD_RUNPATH_SEARCH_PATHS = "$(inherited) @executable_path/Frameworks";
				PRODUCT_BUNDLE_IDENTIFIER = cdd.HealthySettle;
				PRODUCT_NAME = "$(TARGET_NAME)";
			};
			name = Debug;
		};
		32F6CD191C9A734C00E97B65 /* Release */ = {
			isa = XCBuildConfiguration;
			buildSettings = {
				ASSETCATALOG_COMPILER_APPICON_NAME = AppIcon;
				CODE_SIGN_IDENTITY = "iPhone Developer";
				INFOPLIST_FILE = HealthySettle/Info.plist;
				LD_RUNPATH_SEARCH_PATHS = "$(inherited) @executable_path/Frameworks";
				PRODUCT_BUNDLE_IDENTIFIER = cdd.HealthySettle;
				PRODUCT_NAME = "$(TARGET_NAME)";
			};
			name = Release;
		};
/* End XCBuildConfiguration section */

/* Begin XCConfigurationList section */
		32F6CCFB1C9A734C00E97B65 /* Build configuration list for PBXProject "HealthySettle" */ = {
			isa = XCConfigurationList;
			buildConfigurations = (
				32F6CD151C9A734C00E97B65 /* Debug */,
				32F6CD161C9A734C00E97B65 /* Release */,
			);
			defaultConfigurationIsVisible = 0;
			defaultConfigurationName = Release;
		};
		32F6CD171C9A734C00E97B65 /* Build configuration list for PBXNativeTarget "HealthySettle" */ = {
			isa = XCConfigurationList;
			buildConfigurations = (
				32F6CD181C9A734C00E97B65 /* Debug */,
				32F6CD191C9A734C00E97B65 /* Release */,
			);
			defaultConfigurationIsVisible = 0;
		};
/* End XCConfigurationList section */
	};
	rootObject = 32F6CCF81C9A734C00E97B65 /* Project object */;
}
